{
  "originHash" : "79ed028f11562c65388aebccc1c1f0b5599d77c12259066c66e2cb3bd2b21959",
  "pins" : [
    {
      "identity" : "mpvkit",
      "kind" : "remoteSourceControl",
      "location" : "https://github.com/streamyfin/MPVKit",
      "state" : {
        "branch" : "0.40.0-av",
        "revision" : "d3d341129f77a5eb5251bd8c68fd1243a0ca1c73"
      }
    }
  ],
  "version" : 3
}
